
Microsoft Visual Studio Solution File, Format Version 12.00
# Visual Studio Version 16
VisualStudioVersion = 25.0.1705.3
MinimumVisualStudioVersion = 10.0.40219.1
Project("{FAE04EC0-301F-11D3-BF4B-00C04F79EFBC}") = "webAppDay2", "webAppDay2\webAppDay2.csproj", "{52FFE942-2675-437C-A085-FA8051B59086}"
EndProject
Global
	GlobalSection(SolutionConfigurationPlatforms) = preSolution
		Debug|Any CPU = Debug|Any CPU
		Release|Any CPU = Release|Any CPU
	EndGlobalSection
	GlobalSection(ProjectConfigurationPlatforms) = postSolution
		{52FFE942-2675-437C-A085-FA8051B59086}.Debug|Any CPU.ActiveCfg = Debug|Any CPU
		{52FFE942-2675-437C-A085-FA8051B59086}.Debug|Any CPU.Build.0 = Debug|Any CPU
		{52FFE942-2675-437C-A085-FA8051B59086}.Release|Any CPU.ActiveCfg = Release|Any CPU
		{52FFE942-2675-437C-A085-FA8051B59086}.Release|Any CPU.Build.0 = Release|Any CPU
	EndGlobalSection
	GlobalSection(SolutionProperties) = preSolution
		HideSolutionNode = FALSE
	EndGlobalSection
	GlobalSection(ExtensibilityGlobals) = postSolution
		SolutionGuid = {E5BDF5DB-C201-487B-A40E-E5EFD793D0CF}
	EndGlobalSection
EndGlobal
